
Microsoft Visual Studio Solution File, Format Version 12.00
# Visual Studio Version 17
VisualStudioVersion = 17.4.33205.214
MinimumVisualStudioVersion = 10.0.40219.1
Project("{8BC9CEB8-8B4A-11D0-8D11-00A0C91BC942}") = "HIDTransferTest", "HIDTransferTestModify\HIDTransferTestModify.vcxproj", "{F7B82D43-D0AF-4433-AC26-16D76DEAC8CE}"
EndProject
Global
	GlobalSection(SolutionConfigurationPlatforms) = preSolution
		Debug|x86 = Debug|x86
		Release|x86 = Release|x86
	EndGlobalSection
	GlobalSection(ProjectConfigurationPlatforms) = postSolution
		{F7B82D43-D0AF-4433-AC26-16D76DEAC8CE}.Debug|x86.ActiveCfg = Debug|Win32
		{F7B82D43-D0AF-4433-AC26-16D76DEAC8CE}.Debug|x86.Build.0 = Debug|Win32
		{F7B82D43-D0AF-4433-AC26-16D76DEAC8CE}.Release|x86.ActiveCfg = Release|Win32
		{F7B82D43-D0AF-4433-AC26-16D76DEAC8CE}.Release|x86.Build.0 = Release|Win32
	EndGlobalSection
	GlobalSection(SolutionProperties) = preSolution
		HideSolutionNode = FALSE
	EndGlobalSection
	GlobalSection(ExtensibilityGlobals) = postSolution
		SolutionGuid = {7D59CCB2-9BBB-40CE-A204-88456DF861A2}
	EndGlobalSection
EndGlobal
